github.com/dhowden/tag v0.0.0-20181104225729-a9f04c2798ca h1:EsPh1VImRZ6OOhWtz/zzwTjxVQKcKIiqS5tYNdx2eCg=
github.com/dhowden/tag v0.0.0-20181104225729-a9f04c2798ca/go.mod h1:SniNVYuaD1jmdEEvi+7ywb1QFR7agjeTdGKyFb0p7Rw=
github.com/esiqveland/notify v0.0.0-20180502215543-1da6eb444e3b h1:OIcV3UxG+X2LVGJU2zhpbhy+GDRxWQgP5ekpjwSqbfA=
github.com/esiqveland/notify v0.0.0-20180502215543-1da6eb444e3b/go.mod h1:0Pc0ae9aMYf8rEpw71fVs+6Gt7oAXUGuVH6GIvcWOic=
github.com/fhs/gompd v2.0.0+incompatible h1:pv5XKTatya1k3r1woaWLwFQiF0BfAsgWSe5ev2XZ0UM=
github.com/fhs/gompd v2.0.0+incompatible/go.mod h1:UVZXd9wmFBH5tIXLYeI+CGUIt15ZvtGQvVO6SDHy1os=
github.com/godbus/dbus v4.1.0+incompatible h1:WqqLRTsQic3apZUK9qC5sGNfXthmPXzUZ7nQPrNITa4=
github.com/godbus/dbus v4.1.0+incompatible/go.mod h1:/YcGZj5zSblfDWMMoOzV4fas9FZnQYTkDnsGvmh2Grw=
github.com/mitchellh/go-homedir v1.0.0 h1:vKb8ShqSby24Yrqr/yDYkuFz8d0WUjys40rvnGC8aR0=
github.com/mitchellh/go-homedir v1.0.0/go.mod h1:SfyaCUpYCn1Vlf4IUYiD9fPX4A5wJrkLzIz1N1q0pr0=
